
Microsoft Visual Studio Solution File, Format Version 10.00
# Visual Studio 2008
Project("{D183A3D8-5FD8-494B-B014-37F57B35E655}") = "HRStaging.AdExtract", "HRStaging.AdExtract\HRStaging.AdExtract.dtproj", "{C4B7E224-8EC9-4D57-B9C4-8EA14B0E0B10}"
EndProject
Global
	GlobalSection(SolutionConfigurationPlatforms) = preSolution
		Development|Default = Development|Default
	EndGlobalSection
	GlobalSection(ProjectConfigurationPlatforms) = postSolution
		{C4B7E224-8EC9-4D57-B9C4-8EA14B0E0B10}.Development|Default.ActiveCfg = Development
		{C4B7E224-8EC9-4D57-B9C4-8EA14B0E0B10}.Development|Default.Build.0 = Development
	EndGlobalSection
	GlobalSection(SolutionProperties) = preSolution
		HideSolutionNode = FALSE
	EndGlobalSection
EndGlobal
