
Microsoft Visual Studio Solution File, Format Version 12.00
# Visual Studio 14
VisualStudioVersion = 14.0.23107.0
MinimumVisualStudioVersion = 10.0.40219.1
Project("{FAE04EC0-301F-11D3-BF4B-00C04F79EFBC}") = "DPSG.Portal.Merchandiser.WebAPI", "DPSG.Portal.Merchandiser.WebAPI\DPSG.Portal.Merchandiser.WebAPI.csproj", "{C04C798D-932B-4CD1-A262-EC975D2EC19B}"
EndProject
Project("{FAE04EC0-301F-11D3-BF4B-00C04F79EFBC}") = "DPSG.Portal.Merchandiser.WebAPI.DataService", "DPSG.Portal.Merchandiser.WebAPI.DataService\DPSG.Portal.Merchandiser.WebAPI.DataService.csproj", "{B48912FA-0D91-482B-ADFF-6F6DFCB7305E}"
EndProject
Project("{FAE04EC0-301F-11D3-BF4B-00C04F79EFBC}") = "DPSG.Portal.Merchandiser.WebAPI.Model", "DPSG.Portal.Merchandiser.WebAPI.Model\DPSG.Portal.Merchandiser.WebAPI.Model.csproj", "{D3858E93-B412-4A36-BE8E-4D0CE4CA3EE5}"
EndProject
Project("{FAE04EC0-301F-11D3-BF4B-00C04F79EFBC}") = "DPSG.Portal.Merchandiser.WebAPI.CommonUtil", "DPSG.Portal.Merchandiser.WebAPI.CommonUtil\DPSG.Portal.Merchandiser.WebAPI.CommonUtil.csproj", "{F440B110-FEA0-4D0A-B532-8B696E0425F0}"
EndProject
Project("{FAE04EC0-301F-11D3-BF4B-00C04F79EFBC}") = "DPSG.Webservices.Security.Hmac", "..\DPSG.Webservices.Security.Hmac\DPSG.Webservices.Security.Hmac\DPSG.Webservices.Security.Hmac.csproj", "{B868F881-02BA-4DAE-A4CA-EE59A229126A}"
EndProject
Global
	GlobalSection(SolutionConfigurationPlatforms) = preSolution
		Debug|Any CPU = Debug|Any CPU
		Release|Any CPU = Release|Any CPU
	EndGlobalSection
	GlobalSection(ProjectConfigurationPlatforms) = postSolution
		{C04C798D-932B-4CD1-A262-EC975D2EC19B}.Debug|Any CPU.ActiveCfg = Debug|Any CPU
		{C04C798D-932B-4CD1-A262-EC975D2EC19B}.Debug|Any CPU.Build.0 = Debug|Any CPU
		{C04C798D-932B-4CD1-A262-EC975D2EC19B}.Release|Any CPU.ActiveCfg = Release|Any CPU
		{C04C798D-932B-4CD1-A262-EC975D2EC19B}.Release|Any CPU.Build.0 = Release|Any CPU
		{B48912FA-0D91-482B-ADFF-6F6DFCB7305E}.Debug|Any CPU.ActiveCfg = Debug|Any CPU
		{B48912FA-0D91-482B-ADFF-6F6DFCB7305E}.Debug|Any CPU.Build.0 = Debug|Any CPU
		{B48912FA-0D91-482B-ADFF-6F6DFCB7305E}.Release|Any CPU.ActiveCfg = Release|Any CPU
		{B48912FA-0D91-482B-ADFF-6F6DFCB7305E}.Release|Any CPU.Build.0 = Release|Any CPU
		{D3858E93-B412-4A36-BE8E-4D0CE4CA3EE5}.Debug|Any CPU.ActiveCfg = Debug|Any CPU
		{D3858E93-B412-4A36-BE8E-4D0CE4CA3EE5}.Debug|Any CPU.Build.0 = Debug|Any CPU
		{D3858E93-B412-4A36-BE8E-4D0CE4CA3EE5}.Release|Any CPU.ActiveCfg = Release|Any CPU
		{D3858E93-B412-4A36-BE8E-4D0CE4CA3EE5}.Release|Any CPU.Build.0 = Release|Any CPU
		{F440B110-FEA0-4D0A-B532-8B696E0425F0}.Debug|Any CPU.ActiveCfg = Debug|Any CPU
		{F440B110-FEA0-4D0A-B532-8B696E0425F0}.Debug|Any CPU.Build.0 = Debug|Any CPU
		{F440B110-FEA0-4D0A-B532-8B696E0425F0}.Release|Any CPU.ActiveCfg = Release|Any CPU
		{F440B110-FEA0-4D0A-B532-8B696E0425F0}.Release|Any CPU.Build.0 = Release|Any CPU
		{B868F881-02BA-4DAE-A4CA-EE59A229126A}.Debug|Any CPU.ActiveCfg = Debug|Any CPU
		{B868F881-02BA-4DAE-A4CA-EE59A229126A}.Debug|Any CPU.Build.0 = Debug|Any CPU
		{B868F881-02BA-4DAE-A4CA-EE59A229126A}.Release|Any CPU.ActiveCfg = Release|Any CPU
		{B868F881-02BA-4DAE-A4CA-EE59A229126A}.Release|Any CPU.Build.0 = Release|Any CPU
	EndGlobalSection
	GlobalSection(SolutionProperties) = preSolution
		HideSolutionNode = FALSE
	EndGlobalSection
	GlobalSection(TeamFoundationVersionControl) = preSolution
		SccNumberOfProjects = 6
		SccEnterpriseProvider = {4CA58AB2-18FA-4F8D-95D4-32DDF27D184C}
		SccTeamFoundationServer = http://tfs.dpsg.net:8080/tfs/defaultcollection
		SccLocalPath0 = .
		SccProjectUniqueName1 = DPSG.Portal.Merchandiser.WebAPI\\DPSG.Portal.Merchandiser.WebAPI.csproj
		SccProjectName1 = DPSG.Portal.Merchandiser.WebAPI
		SccLocalPath1 = DPSG.Portal.Merchandiser.WebAPI
		SccProjectUniqueName2 = DPSG.Portal.Merchandiser.WebAPI.DataService\\DPSG.Portal.Merchandiser.WebAPI.DataService.csproj
		SccProjectName2 = DPSG.Portal.Merchandiser.WebAPI.DataService
		SccLocalPath2 = DPSG.Portal.Merchandiser.WebAPI.DataService
		SccProjectUniqueName3 = DPSG.Portal.Merchandiser.WebAPI.Model\\DPSG.Portal.Merchandiser.WebAPI.Model.csproj
		SccProjectName3 = DPSG.Portal.Merchandiser.WebAPI.Model
		SccLocalPath3 = DPSG.Portal.Merchandiser.WebAPI.Model
		SccProjectUniqueName4 = DPSG.Portal.Merchandiser.WebAPI.CommonUtil\\DPSG.Portal.Merchandiser.WebAPI.CommonUtil.csproj
		SccProjectName4 = DPSG.Portal.Merchandiser.WebAPI.CommonUtil
		SccLocalPath4 = DPSG.Portal.Merchandiser.WebAPI.CommonUtil
		SccProjectUniqueName5 = ..\\DPSG.Webservices.Security.Hmac\\DPSG.Webservices.Security.Hmac\\DPSG.Webservices.Security.Hmac.csproj
		SccProjectName5 = ../DPSG.Webservices.Security.Hmac/DPSG.Webservices.Security.Hmac
		SccLocalPath5 = ..\\DPSG.Webservices.Security.Hmac\\DPSG.Webservices.Security.Hmac
	EndGlobalSection
EndGlobal
